<?xml version="1.0" encoding="utf-8"?>
<Project ToolsVersion="4.0" xmlns="http://schemas.microsoft.com/developer/msbuild/2003">
  <ItemGroup>
    <Filter Include="Source Files">
      <UniqueIdentifier>{4FC737F1-C7A5-4376-A066-2A32D752A2FF}</UniqueIdentifier>
      <Extensions>cpp;c;cc;cxx;c++;cppm;ixx;def;odl;idl;hpj;bat;asm;asmx</Extensions>
    </Filter>
    <Filter Include="Source Files\Interface">
      <UniqueIdentifier>{5421f85c-0abd-4ed7-8748-6588240dc24e}</UniqueIdentifier>
    </Filter>
    <Filter Include="Source Files\LexicalAnalyzer">
      <UniqueIdentifier>{99cad377-921a-44e9-8e90-589a306afc7b}</UniqueIdentifier>
    </Filter>
    <Filter Include="Source Files\Instructions">
      <UniqueIdentifier>{8505b71b-bdc0-4f55-a2e2-beae02e01fae}</UniqueIdentifier>
    </Filter>
    <Filter Include="Source Files\Instructions\Encodings">
      <UniqueIdentifier>{9ad2cb63-40fd-4e11-a585-9bdc9a98790c}</UniqueIdentifier>
    </Filter>
    <Filter Include="Source Files\Instructions\Operands">
      <UniqueIdentifier>{c49c5371-a8b5-40c1-899b-fd71d48e275f}</UniqueIdentifier>
    </Filter>
    <Filter Include="Source Files\Instructions\Symbols">
      <UniqueIdentifier>{cee82587-efb5-4e59-a643-e8a7c8f67de5}</UniqueIdentifier>
    </Filter>
    <Filter Include="Tests">
      <UniqueIdentifier>{318b4dc1-0136-4a9a-a254-b58374ef46de}</UniqueIdentifier>
    </Filter>
    <Filter Include="Tests\Resources">
      <UniqueIdentifier>{9ea00e83-eca7-4f2d-ab55-ad4f46fefabd}</UniqueIdentifier>
    </Filter>
  </ItemGroup>
  <ItemGroup>
    <ClInclude Include="TargetAddress.h">
      <Filter>Source Files\Instructions\Operands</Filter>
    </ClInclude>
    <ClInclude Include="Symbols.h">
      <Filter>Source Files\Instructions\Symbols</Filter>
    </ClInclude>
    <ClInclude Include="Shamt.h">
      <Filter>Source Files\Instructions\Operands</Filter>
    </ClInclude>
    <ClInclude Include="RegisterEncoding.h">
      <Filter>Source Files\Instructions\Encodings</Filter>
    </ClInclude>
    <ClInclude Include="Register.h">
      <Filter>Source Files\Instructions\Operands</Filter>
    </ClInclude>
    <ClInclude Include="Operation.h">
      <Filter>Source Files\Instructions\Operands</Filter>
    </ClInclude>
    <ClInclude Include="JumpEncoding.h">
      <Filter>Source Files\Instructions\Encodings</Filter>
    </ClInclude>
    <ClInclude Include="Instruction.h">
      <Filter>Source Files\Instructions\Encodings</Filter>
    </ClInclude>
    <ClInclude Include="ImmediateEncoding.h">
      <Filter>Source Files\Instructions\Encodings</Filter>
    </ClInclude>
    <ClInclude Include="Immediate.h">
      <Filter>Source Files\Instructions\Operands</Filter>
    </ClInclude>
    <ClInclude Include="Funct.h">
      <Filter>Source Files\Instructions\Operands</Filter>
    </ClInclude>
    <ClInclude Include="CommandLine.h">
      <Filter>Source Files\Interface</Filter>
    </ClInclude>
    <ClInclude Include="InstructionsLoader.h">
      <Filter>Source Files\LexicalAnalyzer</Filter>
    </ClInclude>
  </ItemGroup>
  <ItemGroup>
    <ClCompile Include="RegisterEncoding.cpp">
      <Filter>Source Files\Instructions\Encodings</Filter>
    </ClCompile>
    <ClCompile Include="JumpEncoding.cpp">
      <Filter>Source Files\Instructions\Encodings</Filter>
    </ClCompile>
    <ClCompile Include="Instruction.cpp">
      <Filter>Source Files\Instructions\Encodings</Filter>
    </ClCompile>
    <ClCompile Include="ImmediateEncoding.cpp">
      <Filter>Source Files\Instructions\Encodings</Filter>
    </ClCompile>
    <ClCompile Include="CommandLine.cpp">
      <Filter>Source Files\Interface</Filter>
    </ClCompile>
    <ClCompile Include="main.cpp">
      <Filter>Source Files</Filter>
    </ClCompile>
    <ClCompile Include="Symbols.cpp">
      <Filter>Source Files\Instructions\Symbols</Filter>
    </ClCompile>
    <ClCompile Include="Operation.cpp">
      <Filter>Source Files\Instructions\Operands</Filter>
    </ClCompile>
    <ClCompile Include="Funct.cpp">
      <Filter>Source Files\Instructions\Operands</Filter>
    </ClCompile>
    <ClCompile Include="Shamt.cpp">
      <Filter>Source Files\Instructions\Operands</Filter>
    </ClCompile>
    <ClCompile Include="Register.cpp">
      <Filter>Source Files\Instructions\Operands</Filter>
    </ClCompile>
    <ClCompile Include="TargetAddress.cpp">
      <Filter>Source Files\Instructions\Operands</Filter>
    </ClCompile>
    <ClCompile Include="Immediate.cpp">
      <Filter>Source Files\Instructions\Operands</Filter>
    </ClCompile>
    <ClCompile Include="InstructionsLoader.cpp">
      <Filter>Source Files\LexicalAnalyzer</Filter>
    </ClCompile>
  </ItemGroup>
  <ItemGroup>
    <None Include="mips.asm">
      <Filter>Tests\Resources</Filter>
    </None>
  </ItemGroup>
</Project>